// !$*UTF8*$!
{
	archiveVersion = 1;
	classes = {
	};
	objectVersion = 46;
	objects = {

/* Begin PBXBuildFile section */
		276B2F2419D4519E003F521F /* AppDelegate.swift in Sources */ = {isa = PBXBuildFile; fileRef = 276B2F2319D4519E003F521F /* AppDelegate.swift */; };
		276B2F2919D4519E003F521F /* Main.storyboard in Resources */ = {isa = PBXBuildFile; fileRef = 276B2F2719D4519E003F521F /* Main.storyboard */; };
		276B2F2B19D4519E003F521F /* Images.xcassets in Resources */ = {isa = PBXBuildFile; fileRef = 276B2F2A19D4519E003F521F /* Images.xcassets */; };
		276B2F2E19D4519E003F521F /* LaunchScreen.xib in Resources */ = {isa = PBXBuildFile; fileRef = 276B2F2C19D4519E003F521F /* LaunchScreen.xib */; };
		276B2F3A19D4519F003F521F /* Take_My_MoneyTests.swift in Sources */ = {isa = PBXBuildFile; fileRef = 276B2F3919D4519F003F521F /* Take_My_MoneyTests.swift */; };
		276B2F4419D45294003F521F /* TableViewController.swift in Sources */ = {isa = PBXBuildFile; fileRef = 276B2F4319D45294003F521F /* TableViewController.swift */; };
		276B2F4619D452DE003F521F /* TableViewCell.swift in Sources */ = {isa = PBXBuildFile; fileRef = 276B2F4519D452DE003F521F /* TableViewCell.swift */; };
		276B2F4819D45EDF003F521F /* StoreKit.framework in Frameworks */ = {isa = PBXBuildFile; fileRef = 276B2F4719D45EDF003F521F /* StoreKit.framework */; };
/* End PBXBuildFile section */

/* Begin PBXContainerItemProxy section */
		276B2F3419D4519F003F521F /* PBXContainerItemProxy */ = {
			isa = PBXContainerItemProxy;
			containerPortal = 276B2F1619D4519E003F521F /* Project object */;
			proxyType = 1;
			remoteGlobalIDString = 276B2F1D19D4519E003F521F;
			remoteInfo = "Take My Money";
		};
/* End PBXContainerItemProxy section */

/* Begin PBXFileReference section */
		276B2F1E19D4519E003F521F /* Take My Money.app */ = {isa = PBXFileReference; explicitFileType = wrapper.application; includeInIndex = 0; path = "Take My Money.app"; sourceTree = BUILT_PRODUCTS_DIR; };
		276B2F2219D4519E003F521F /* Info.plist */ = {isa = PBXFileReference; lastKnownFileType = text.plist.xml; path = Info.plist; sourceTree = "<group>"; };
		276B2F2319D4519E003F521F /* AppDelegate.swift */ = {isa = PBXFileReference; lastKnownFileType = sourcecode.swift; path = AppDelegate.swift; sourceTree = "<group>"; };
		276B2F2819D4519E003F521F /* Base */ = {isa = PBXFileReference; lastKnownFileType = file.storyboard; name = Base; path = Base.lproj/Main.storyboard; sourceTree = "<group>"; };
		276B2F2A19D4519E003F521F /* Images.xcassets */ = {isa = PBXFileReference; lastKnownFileType = folder.assetcatalog; path = Images.xcassets; sourceTree = "<group>"; };
		276B2F2D19D4519E003F521F /* Base */ = {isa = PBXFileReference; lastKnownFileType = file.xib; name = Base; path = Base.lproj/LaunchScreen.xib; sourceTree = "<group>"; };
		276B2F3319D4519F003F521F /* Take My MoneyTests.xctest */ = {isa = PBXFileReference; explicitFileType = wrapper.cfbundle; includeInIndex = 0; path = "Take My MoneyTests.xctest"; sourceTree = BUILT_PRODUCTS_DIR; };
		276B2F3819D4519F003F521F /* Info.plist */ = {isa = PBXFileReference; lastKnownFileType = text.plist.xml; path = Info.plist; sourceTree = "<group>"; };
		276B2F3919D4519F003F521F /* Take_My_MoneyTests.swift */ = {isa = PBXFileReference; lastKnownFileType = sourcecode.swift; path = Take_My_MoneyTests.swift; sourceTree = "<group>"; };
		276B2F4319D45294003F521F /* TableViewController.swift */ = {isa = PBXFileReference; fileEncoding = 4; lastKnownFileType = sourcecode.swift; path = TableViewController.swift; sourceTree = "<group>"; };
		276B2F4519D452DE003F521F /* TableViewCell.swift */ = {isa = PBXFileReference; fileEncoding = 4; lastKnownFileType = sourcecode.swift; path = TableViewCell.swift; sourceTree = "<group>"; };
		276B2F4719D45EDF003F521F /* StoreKit.framework */ = {isa = PBXFileReference; lastKnownFileType = wrapper.framework; name = StoreKit.framework; path = System/Library/Frameworks/StoreKit.framework; sourceTree = SDKROOT; };
/* End PBXFileReference section */

/* Begin PBXFrameworksBuildPhase section */
		276B2F1B19D4519E003F521F /* Frameworks */ = {
			isa = PBXFrameworksBuildPhase;
			buildActionMask = 2147483647;
			files = (
				276B2F4819D45EDF003F521F /* StoreKit.framework in Frameworks */,
			);
			runOnlyForDeploymentPostprocessing = 0;
		};
		276B2F3019D4519F003F521F /* Frameworks */ = {
			isa = PBXFrameworksBuildPhase;
			buildActionMask = 2147483647;
			files = (
			);
			runOnlyForDeploymentPostprocessing = 0;
		};
/* End PBXFrameworksBuildPhase section */

/* Begin PBXGroup section */
		276B2F1519D4519E003F521F = {
			isa = PBXGroup;
			children = (
				276B2F4719D45EDF003F521F /* StoreKit.framework */,
				276B2F2019D4519E003F521F /* Take My Money */,
				276B2F3619D4519F003F521F /* Take My MoneyTests */,
				276B2F1F19D4519E003F521F /* Products */,
			);
			sourceTree = "<group>";
		};
		276B2F1F19D4519E003F521F /* Products */ = {
			isa = PBXGroup;
			children = (
				276B2F1E19D4519E003F521F /* Take My Money.app */,
				276B2F3319D4519F003F521F /* Take My MoneyTests.xctest */,
			);
			name = Products;
			sourceTree = "<group>";
		};
		276B2F2019D4519E003F521F /* Take My Money */ = {
			isa = PBXGroup;
			children = (
				276B2F4319D45294003F521F /* TableViewController.swift */,
				276B2F4519D452DE003F521F /* TableViewCell.swift */,
				276B2F2319D4519E003F521F /* AppDelegate.swift */,
				276B2F2719D4519E003F521F /* Main.storyboard */,
				276B2F2A19D4519E003F521F /* Images.xcassets */,
				276B2F2C19D4519E003F521F /* LaunchScreen.xib */,
				276B2F2119D4519E003F521F /* Supporting Files */,
			);
			path = "Take My Money";
			sourceTree = "<group>";
		};
		276B2F2119D4519E003F521F /* Supporting Files */ = {
			isa = PBXGroup;
			children = (
				276B2F2219D4519E003F521F /* Info.plist */,
			);
			name = "Supporting Files";
			sourceTree = "<group>";
		};
		276B2F3619D4519F003F521F /* Take My MoneyTests */ = {
			isa = PBXGroup;
			children = (
				276B2F3919D4519F003F521F /* Take_My_MoneyTests.swift */,
				276B2F3719D4519F003F521F /* Supporting Files */,
			);
			path = "Take My MoneyTests";
			sourceTree = "<group>";
		};
		276B2F3719D4519F003F521F /* Supporting Files */ = {
			isa = PBXGroup;
			children = (
				276B2F3819D4519F003F521F /* Info.plist */,
			);
			name = "Supporting Files";
			sourceTree = "<group>";
		};
/* End PBXGroup section */

/* Begin PBXNativeTarget section */
		276B2F1D19D4519E003F521F /* Take My Money */ = {
			isa = PBXNativeTarget;
			buildConfigurationList = 276B2F3D19D4519F003F521F /* Build configuration list for PBXNativeTarget "Take My Money" */;
			buildPhases = (
				276B2F1A19D4519E003F521F /* Sources */,
				276B2F1B19D4519E003F521F /* Frameworks */,
				276B2F1C19D4519E003F521F /* Resources */,
			);
			buildRules = (
			);
			dependencies = (
			);
			name = "Take My Money";
			productName = "Take My Money";
			productReference = 276B2F1E19D4519E003F521F /* Take My Money.app */;
			productType = "com.apple.product-type.application";
		};
		276B2F3219D4519F003F521F /* Take My MoneyTests */ = {
			isa = PBXNativeTarget;
			buildConfigurationList = 276B2F4019D4519F003F521F /* Build configuration list for PBXNativeTarget "Take My MoneyTests" */;
			buildPhases = (
				276B2F2F19D4519F003F521F /* Sources */,
				276B2F3019D4519F003F521F /* Frameworks */,
				276B2F3119D4519F003F521F /* Resources */,
			);
			buildRules = (
			);
			dependencies = (
				276B2F3519D4519F003F521F /* PBXTargetDependency */,
			);
			name = "Take My MoneyTests";
			productName = "Take My MoneyTests";
			productReference = 276B2F3319D4519F003F521F /* Take My MoneyTests.xctest */;
			productType = "com.apple.product-type.bundle.unit-test";
		};
/* End PBXNativeTarget section */

/* Begin PBXProject section */
		276B2F1619D4519E003F521F /* Project object */ = {
			isa = PBXProject;
			attributes = {
				LastUpgradeCheck = 0600;
				ORGANIZATIONNAME = "Katlyn Schwaebe";
				TargetAttributes = {
					276B2F1D19D4519E003F521F = {
						CreatedOnToolsVersion = 6.0;
						DevelopmentTeam = WW3AF2LH6C;
						SystemCapabilities = {
							com.apple.InAppPurchase = {
								enabled = 1;
							};
						};
					};
					276B2F3219D4519F003F521F = {
						CreatedOnToolsVersion = 6.0;
						TestTargetID = 276B2F1D19D4519E003F521F;
					};
				};
			};
			buildConfigurationList = 276B2F1919D4519E003F521F /* Build configuration list for PBXProject "Take My Money" */;
			compatibilityVersion = "Xcode 3.2";
			developmentRegion = English;
			hasScannedForEncodings = 0;
			knownRegions = (
				en,
				Base,
			);
			mainGroup = 276B2F1519D4519E003F521F;
			productRefGroup = 276B2F1F19D4519E003F521F /* Products */;
			projectDirPath = "";
			projectRoot = "";
			targets = (
				276B2F1D19D4519E003F521F /* Take My Money */,
				276B2F3219D4519F003F521F /* Take My MoneyTests */,
			);
		};
/* End PBXProject section */

/* Begin PBXResourcesBuildPhase section */
		276B2F1C19D4519E003F521F /* Resources */ = {
			isa = PBXResourcesBuildPhase;
			buildActionMask = 2147483647;
			files = (
				276B2F2919D4519E003F521F /* Main.storyboard in Resources */,
				276B2F2E19D4519E003F521F /* LaunchScreen.xib in Resources */,
				276B2F2B19D4519E003F521F /* Images.xcassets in Resources */,
			);
			runOnlyForDeploymentPostprocessing = 0;
		};
		276B2F3119D4519F003F521F /* Resources */ = {
			isa = PBXResourcesBuildPhase;
			buildActionMask = 2147483647;
			files = (
			);
			runOnlyForDeploymentPostprocessing = 0;
		};
/* End PBXResourcesBuildPhase section */

/* Begin PBXSourcesBuildPhase section */
		276B2F1A19D4519E003F521F /* Sources */ = {
			isa = PBXSourcesBuildPhase;
			buildActionMask = 2147483647;
			files = (
				276B2F4619D452DE003F521F /* TableViewCell.swift in Sources */,
				276B2F2419D4519E003F521F /* AppDelegate.swift in Sources */,
				276B2F4419D45294003F521F /* TableViewController.swift in Sources */,
			);
			runOnlyForDeploymentPostprocessing = 0;
		};
		276B2F2F19D4519F003F521F /* Sources */ = {
			isa = PBXSourcesBuildPhase;
			buildActionMask = 2147483647;
			files = (
				276B2F3A19D4519F003F521F /* Take_My_MoneyTests.swift in Sources */,
			);
			runOnlyForDeploymentPostprocessing = 0;
		};
/* End PBXSourcesBuildPhase section */

/* Begin PBXTargetDependency section */
		276B2F3519D4519F003F521F /* PBXTargetDependency */ = {
			isa = PBXTargetDependency;
			target = 276B2F1D19D4519E003F521F /* Take My Money */;
			targetProxy = 276B2F3419D4519F003F521F /* PBXContainerItemProxy */;
		};
/* End PBXTargetDependency section */

/* Begin PBXVariantGroup section */
		276B2F2719D4519E003F521F /* Main.storyboard */ = {
			isa = PBXVariantGroup;
			children = (
				276B2F2819D4519E003F521F /* Base */,
			);
			name = Main.storyboard;
			sourceTree = "<group>";
		};
		276B2F2C19D4519E003F521F /* LaunchScreen.xib */ = {
			isa = PBXVariantGroup;
			children = (
				276B2F2D19D4519E003F521F /* Base */,
			);
			name = LaunchScreen.xib;
			sourceTree = "<group>";
		};
/* End PBXVariantGroup section */

/* Begin XCBuildConfiguration section */
		276B2F3B19D4519F003F521F /* Debug */ = {
			isa = XCBuildConfiguration;
			buildSettings = {
				ALWAYS_SEARCH_USER_PATHS = NO;
				CLANG_CXX_LANGUAGE_STANDARD = "gnu++0x";
				CLANG_CXX_LIBRARY = "libc++";
				CLANG_ENABLE_MODULES = YES;
				CLANG_ENABLE_OBJC_ARC = YES;
				CLANG_WARN_BOOL_CONVERSION = YES;
				CLANG_WARN_CONSTANT_CONVERSION = YES;
				CLANG_WARN_DIRECT_OBJC_ISA_USAGE = YES_ERROR;
				CLANG_WARN_EMPTY_BODY = YES;
				CLANG_WARN_ENUM_CONVERSION = YES;
				CLANG_WARN_INT_CONVERSION = YES;
				CLANG_WARN_OBJC_ROOT_CLASS = YES_ERROR;
				CLANG_WARN_UNREACHABLE_CODE = YES;
				CLANG_WARN__DUPLICATE_METHOD_MATCH = YES;
				"CODE_SIGN_IDENTITY[sdk=iphoneos*]" = "iPhone Developer";
				COPY_PHASE_STRIP = NO;
				ENABLE_STRICT_OBJC_MSGSEND = YES;
				GCC_C_LANGUAGE_STANDARD = gnu99;
				GCC_DYNAMIC_NO_PIC = NO;
				GCC_OPTIMIZATION_LEVEL = 0;
				GCC_PREPROCESSOR_DEFINITIONS = (
					"DEBUG=1",
					"$(inherited)",
				);
				GCC_SYMBOLS_PRIVATE_EXTERN = NO;
				GCC_WARN_64_TO_32_BIT_CONVERSION = YES;
				GCC_WARN_ABOUT_RETURN_TYPE = YES_ERROR;
				GCC_WARN_UNDECLARED_SELECTOR = YES;
				GCC_WARN_UNINITIALIZED_AUTOS = YES_AGGRESSIVE;
				GCC_WARN_UNUSED_FUNCTION = YES;
				GCC_WARN_UNUSED_VARIABLE = YES;
				IPHONEOS_DEPLOYMENT_TARGET = 8.0;
				MTL_ENABLE_DEBUG_INFO = YES;
				ONLY_ACTIVE_ARCH = YES;
				SDKROOT = iphoneos;
				SWIFT_OPTIMIZATION_LEVEL = "-Onone";
			};
			name = Debug;
		};
		276B2F3C19D4519F003F521F /* Release */ = {
			isa = XCBuildConfiguration;
			buildSettings = {
				ALWAYS_SEARCH_USER_PATHS = NO;
				CLANG_CXX_LANGUAGE_STANDARD = "gnu++0x";
				CLANG_CXX_LIBRARY = "libc++";
				CLANG_ENABLE_MODULES = YES;
				CLANG_ENABLE_OBJC_ARC = YES;
				CLANG_WARN_BOOL_CONVERSION = YES;
				CLANG_WARN_CONSTANT_CONVERSION = YES;
				CLANG_WARN_DIRECT_OBJC_ISA_USAGE = YES_ERROR;
				CLANG_WARN_EMPTY_BODY = YES;
				CLANG_WARN_ENUM_CONVERSION = YES;
				CLANG_WARN_INT_CONVERSION = YES;
				CLANG_WARN_OBJC_ROOT_CLASS = YES_ERROR;
				CLANG_WARN_UNREACHABLE_CODE = YES;
				CLANG_WARN__DUPLICATE_METHOD_MATCH = YES;
				"CODE_SIGN_IDENTITY[sdk=iphoneos*]" = "iPhone Developer";
				COPY_PHASE_STRIP = YES;
				ENABLE_NS_ASSERTIONS = NO;
				ENABLE_STRICT_OBJC_MSGSEND = YES;
				GCC_C_LANGUAGE_STANDARD = gnu99;
				GCC_WARN_64_TO_32_BIT_CONVERSION = YES;
				GCC_WARN_ABOUT_RETURN_TYPE = YES_ERROR;
				GCC_WARN_UNDECLARED_SELECTOR = YES;
				GCC_WARN_UNINITIALIZED_AUTOS = YES_AGGRESSIVE;
				GCC_WARN_UNUSED_FUNCTION = YES;
				GCC_WARN_UNUSED_VARIABLE = YES;
				IPHONEOS_DEPLOYMENT_TARGET = 8.0;
				MTL_ENABLE_DEBUG_INFO = NO;
				SDKROOT = iphoneos;
				VALIDATE_PRODUCT = YES;
			};
			name = Release;
		};
		276B2F3E19D4519F003F521F /* Debug */ = {
			isa = XCBuildConfiguration;
			buildSettings = {
				ASSETCATALOG_COMPILER_APPICON_NAME = AppIcon;
				CODE_SIGN_IDENTITY = "iPhone Developer";
				"CODE_SIGN_IDENTITY[sdk=iphoneos*]" = "iPhone Developer";
				INFOPLIST_FILE = "Take My Money/Info.plist";
				LD_RUNPATH_SEARCH_PATHS = "$(inherited) @executable_path/Frameworks";
				PRODUCT_NAME = "$(TARGET_NAME)";
				PROVISIONING_PROFILE = "";
			};
			name = Debug;
		};
		276B2F3F19D4519F003F521F /* Release */ = {
			isa = XCBuildConfiguration;
			buildSettings = {
				ASSETCATALOG_COMPILER_APPICON_NAME = AppIcon;
				CODE_SIGN_IDENTITY = "iPhone Developer";
				"CODE_SIGN_IDENTITY[sdk=iphoneos*]" = "iPhone Developer";
				INFOPLIST_FILE = "Take My Money/Info.plist";
				LD_RUNPATH_SEARCH_PATHS = "$(inherited) @executable_path/Frameworks";
				PRODUCT_NAME = "$(TARGET_NAME)";
				PROVISIONING_PROFILE = "";
			};
			name = Release;
		};
		276B2F4119D4519F003F521F /* Debug */ = {
			isa = XCBuildConfiguration;
			buildSettings = {
				BUNDLE_LOADER = "$(TEST_HOST)";
				FRAMEWORK_SEARCH_PATHS = (
					"$(SDKROOT)/Developer/Library/Frameworks",
					"$(inherited)",
				);
				GCC_PREPROCESSOR_DEFINITIONS = (
					"DEBUG=1",
					"$(inherited)",
				);
				INFOPLIST_FILE = "Take My MoneyTests/Info.plist";
				LD_RUNPATH_SEARCH_PATHS = "$(inherited) @executable_path/Frameworks @loader_path/Frameworks";
				PRODUCT_NAME = "$(TARGET_NAME)";
				TEST_HOST = "$(BUILT_PRODUCTS_DIR)/Take My Money.app/Take My Money";
			};
			name = Debug;
		};
		276B2F4219D4519F003F521F /* Release */ = {
			isa = XCBuildConfiguration;
			buildSettings = {
				BUNDLE_LOADER = "$(TEST_HOST)";
				FRAMEWORK_SEARCH_PATHS = (
					"$(SDKROOT)/Developer/Library/Frameworks",
					"$(inherited)",
				);
				INFOPLIST_FILE = "Take My MoneyTests/Info.plist";
				LD_RUNPATH_SEARCH_PATHS = "$(inherited) @executable_path/Frameworks @loader_path/Frameworks";
				PRODUCT_NAME = "$(TARGET_NAME)";
				TEST_HOST = "$(BUILT_PRODUCTS_DIR)/Take My Money.app/Take My Money";
			};
			name = Release;
		};
/* End XCBuildConfiguration section */

/* Begin XCConfigurationList section */
		276B2F1919D4519E003F521F /* Build configuration list for PBXProject "Take My Money" */ = {
			isa = XCConfigurationList;
			buildConfigurations = (
				276B2F3B19D4519F003F521F /* Debug */,
				276B2F3C19D4519F003F521F /* Release */,
			);
			defaultConfigurationIsVisible = 0;
			defaultConfigurationName = Release;
		};
		276B2F3D19D4519F003F521F /* Build configuration list for PBXNativeTarget "Take My Money" */ = {
			isa = XCConfigurationList;
			buildConfigurations = (
				276B2F3E19D4519F003F521F /* Debug */,
				276B2F3F19D4519F003F521F /* Release */,
			);
			defaultConfigurationIsVisible = 0;
		};
		276B2F4019D4519F003F521F /* Build configuration list for PBXNativeTarget "Take My MoneyTests" */ = {
			isa = XCConfigurationList;
			buildConfigurations = (
				276B2F4119D4519F003F521F /* Debug */,
				276B2F4219D4519F003F521F /* Release */,
			);
			defaultConfigurationIsVisible = 0;
		};
/* End XCConfigurationList section */
	};
	rootObject = 276B2F1619D4519E003F521F /* Project object */;
}
